
Microsoft Visual Studio Solution File, Format Version 12.00
# Visual Studio 15
VisualStudioVersion = 15.0.28307.705
MinimumVisualStudioVersion = 10.0.40219.1
Project("{FAE04EC0-301F-11D3-BF4B-00C04F79EFBC}") = "SilverThread.Web", "SilverThread.Web\SilverThread.Web.csproj", "{A179C651-DF59-429C-9334-48BDB74CB223}"
EndProject
Project("{FAE04EC0-301F-11D3-BF4B-00C04F79EFBC}") = "SilverThread.Business", "SilverThread.Business\SilverThread.Business.csproj", "{792BC0DB-9593-435E-B952-C1DBACF97B1E}"
EndProject
Project("{FAE04EC0-301F-11D3-BF4B-00C04F79EFBC}") = "SilverThread.Models", "SilverThread.Models\SilverThread.Models.csproj", "{B7680E91-D0FE-442C-97A9-14CF2194E033}"
EndProject
Project("{FAE04EC0-301F-11D3-BF4B-00C04F79EFBC}") = "SilverThread.Common", "SilverThread.Common\SilverThread.Common.csproj", "{4BDB6C52-ACBA-4389-A3AC-4626E39B0F29}"
EndProject
Global
	GlobalSection(SolutionConfigurationPlatforms) = preSolution
		Debug|Any CPU = Debug|Any CPU
		Release|Any CPU = Release|Any CPU
	EndGlobalSection
	GlobalSection(ProjectConfigurationPlatforms) = postSolution
		{A179C651-DF59-429C-9334-48BDB74CB223}.Debug|Any CPU.ActiveCfg = Debug|Any CPU
		{A179C651-DF59-429C-9334-48BDB74CB223}.Debug|Any CPU.Build.0 = Debug|Any CPU
		{A179C651-DF59-429C-9334-48BDB74CB223}.Release|Any CPU.ActiveCfg = Release|Any CPU
		{A179C651-DF59-429C-9334-48BDB74CB223}.Release|Any CPU.Build.0 = Release|Any CPU
		{792BC0DB-9593-435E-B952-C1DBACF97B1E}.Debug|Any CPU.ActiveCfg = Debug|Any CPU
		{792BC0DB-9593-435E-B952-C1DBACF97B1E}.Debug|Any CPU.Build.0 = Debug|Any CPU
		{792BC0DB-9593-435E-B952-C1DBACF97B1E}.Release|Any CPU.ActiveCfg = Release|Any CPU
		{792BC0DB-9593-435E-B952-C1DBACF97B1E}.Release|Any CPU.Build.0 = Release|Any CPU
		{B7680E91-D0FE-442C-97A9-14CF2194E033}.Debug|Any CPU.ActiveCfg = Debug|Any CPU
		{B7680E91-D0FE-442C-97A9-14CF2194E033}.Debug|Any CPU.Build.0 = Debug|Any CPU
		{B7680E91-D0FE-442C-97A9-14CF2194E033}.Release|Any CPU.ActiveCfg = Release|Any CPU
		{B7680E91-D0FE-442C-97A9-14CF2194E033}.Release|Any CPU.Build.0 = Release|Any CPU
		{4BDB6C52-ACBA-4389-A3AC-4626E39B0F29}.Debug|Any CPU.ActiveCfg = Debug|Any CPU
		{4BDB6C52-ACBA-4389-A3AC-4626E39B0F29}.Debug|Any CPU.Build.0 = Debug|Any CPU
		{4BDB6C52-ACBA-4389-A3AC-4626E39B0F29}.Release|Any CPU.ActiveCfg = Release|Any CPU
		{4BDB6C52-ACBA-4389-A3AC-4626E39B0F29}.Release|Any CPU.Build.0 = Release|Any CPU
	EndGlobalSection
	GlobalSection(SolutionProperties) = preSolution
		HideSolutionNode = FALSE
	EndGlobalSection
	GlobalSection(ExtensibilityGlobals) = postSolution
		SolutionGuid = {E49BCCDD-747F-414F-AB27-9A847AF6D4DD}
	EndGlobalSection
EndGlobal
